
Microsoft Visual Studio Solution File, Format Version 12.00
# Visual Studio 15
VisualStudioVersion = 15.0.27130.2027
MinimumVisualStudioVersion = 10.0.40219.1
Project("{159641D6-6404-4A2A-AE62-294DE0FE8301}") = "SSIS LIBRARY", "SSIS LIBRARY\SSIS LIBRARY.dtproj", "{AEEA1197-304F-42E2-B72D-CDA2F7118FE9}"
EndProject
Global
	GlobalSection(SolutionConfigurationPlatforms) = preSolution
		Development|Default = Development|Default
	EndGlobalSection
	GlobalSection(ProjectConfigurationPlatforms) = postSolution
		{AEEA1197-304F-42E2-B72D-CDA2F7118FE9}.Development|Default.ActiveCfg = Development
		{AEEA1197-304F-42E2-B72D-CDA2F7118FE9}.Development|Default.Build.0 = Development
	EndGlobalSection
	GlobalSection(SolutionProperties) = preSolution
		HideSolutionNode = FALSE
	EndGlobalSection
	GlobalSection(ExtensibilityGlobals) = postSolution
		SolutionGuid = {AE71C307-6CCC-4ECD-A8E7-69755EAE6A05}
	EndGlobalSection
EndGlobal
