
Microsoft Visual Studio Solution File, Format Version 12.00
# Visual Studio 14
VisualStudioVersion = 14.0.25420.1
MinimumVisualStudioVersion = 10.0.40219.1
Project("{159641D6-6404-4A2A-AE62-294DE0FE8301}") = "OptumOTC", "OptumOTC\OptumOTC.dtproj", "{857D0EDF-6082-465A-85A9-64E8C3FE5F4D}"
EndProject
Global
	GlobalSection(SolutionConfigurationPlatforms) = preSolution
		Development|Default = Development|Default
	EndGlobalSection
	GlobalSection(ProjectConfigurationPlatforms) = postSolution
		{857D0EDF-6082-465A-85A9-64E8C3FE5F4D}.Development|Default.ActiveCfg = Development
		{857D0EDF-6082-465A-85A9-64E8C3FE5F4D}.Development|Default.Build.0 = Development
	EndGlobalSection
	GlobalSection(SolutionProperties) = preSolution
		HideSolutionNode = FALSE
	EndGlobalSection
EndGlobal
