
Microsoft Visual Studio Solution File, Format Version 12.00
# Visual Studio 14
VisualStudioVersion = 14.0.25420.1
MinimumVisualStudioVersion = 10.0.40219.1
Project("{D183A3D8-5FD8-494B-B014-37F57B35E655}") = "Optum_OTC_Importer", "Optum_OTC_Importer.dtproj", "{680981FE-A2F2-4244-8405-A16450A6BD05}"
EndProject
Global
	GlobalSection(SolutionConfigurationPlatforms) = preSolution
		Development|Default = Development|Default
	EndGlobalSection
	GlobalSection(ProjectConfigurationPlatforms) = postSolution
		{680981FE-A2F2-4244-8405-A16450A6BD05}.Development|Default.ActiveCfg = Development
		{680981FE-A2F2-4244-8405-A16450A6BD05}.Development|Default.Build.0 = Development
	EndGlobalSection
	GlobalSection(SolutionProperties) = preSolution
		HideSolutionNode = FALSE
	EndGlobalSection
EndGlobal
